PODS:
  - Flutter (1.0.0)
  - flutter_plugin_demo (0.0.1):
    - Flutter

DEPENDENCIES:
  - Flutter (from `.symlinks/flutter/ios`)
  - flutter_plugin_demo (from `.symlinks/plugins/flutter_plugin_demo/ios`)

EXTERNAL SOURCES:
  Flutter:
    :path: ".symlinks/flutter/ios"
  flutter_plugin_demo:
    :path: ".symlinks/plugins/flutter_plugin_demo/ios"

SPEC CHECKSUMS:
  Flutter: 9d0fac939486c9aba2809b7982dfdbb47a7b0296
  flutter_plugin_demo: be1989694d0e8e5f7fea1b52495afdcda4ea58a8

PODFILE CHECKSUM: aff02bfeed411c636180d6812254b2daeea14d09

COCOAPODS: 1.5.3
